
Microsoft Visual Studio Solution File, Format Version 12.00
# Visual Studio Version 17
VisualStudioVersion = 17.1.32210.238
MinimumVisualStudioVersion = 10.0.40219.1
Project("{FAE04EC0-301F-11D3-BF4B-00C04F79EFBC}") = "OperadorTernario", "OperadorTernario\OperadorTernario.csproj", "{1A6D166D-928E-40EE-A4F5-3463FEBAB0BE}"
EndProject
Global
	GlobalSection(SolutionConfigurationPlatforms) = preSolution
		Debug|Any CPU = Debug|Any CPU
		Release|Any CPU = Release|Any CPU
	EndGlobalSection
	GlobalSection(ProjectConfigurationPlatforms) = postSolution
		{1A6D166D-928E-40EE-A4F5-3463FEBAB0BE}.Debug|Any CPU.ActiveCfg = Debug|Any CPU
		{1A6D166D-928E-40EE-A4F5-3463FEBAB0BE}.Debug|Any CPU.Build.0 = Debug|Any CPU
		{1A6D166D-928E-40EE-A4F5-3463FEBAB0BE}.Release|Any CPU.ActiveCfg = Release|Any CPU
		{1A6D166D-928E-40EE-A4F5-3463FEBAB0BE}.Release|Any CPU.Build.0 = Release|Any CPU
	EndGlobalSection
	GlobalSection(SolutionProperties) = preSolution
		HideSolutionNode = FALSE
	EndGlobalSection
	GlobalSection(ExtensibilityGlobals) = postSolution
		SolutionGuid = {20AF731E-99D8-463A-A9CF-A3B03197F713}
	EndGlobalSection
EndGlobal
